
Microsoft Visual Studio Solution File, Format Version 12.00
# Visual Studio Version 17
VisualStudioVersion = 17.5.002.0
MinimumVisualStudioVersion = 10.0.40219.1
Project("{9A19103F-16F7-4668-BE54-9A1E7A4F7556}") = "TrilhaApiDesafio", "TrilhaApiDesafio.csproj", "{BE3629B7-0CBE-47FF-A111-6AF140AA49A2}"
EndProject
Global
	GlobalSection(SolutionConfigurationPlatforms) = preSolution
		Debug|Any CPU = Debug|Any CPU
		Release|Any CPU = Release|Any CPU
	EndGlobalSection
	GlobalSection(ProjectConfigurationPlatforms) = postSolution
		{BE3629B7-0CBE-47FF-A111-6AF140AA49A2}.Debug|Any CPU.ActiveCfg = Debug|Any CPU
		{BE3629B7-0CBE-47FF-A111-6AF140AA49A2}.Debug|Any CPU.Build.0 = Debug|Any CPU
		{BE3629B7-0CBE-47FF-A111-6AF140AA49A2}.Release|Any CPU.ActiveCfg = Release|Any CPU
		{BE3629B7-0CBE-47FF-A111-6AF140AA49A2}.Release|Any CPU.Build.0 = Release|Any CPU
	EndGlobalSection
	GlobalSection(SolutionProperties) = preSolution
		HideSolutionNode = FALSE
	EndGlobalSection
	GlobalSection(ExtensibilityGlobals) = postSolution
		SolutionGuid = {88352241-2F8B-44A6-BB47-B738A9C56010}
	EndGlobalSection
EndGlobal
